
Microsoft Visual Studio Solution File, Format Version 12.00
# Visual Studio 15
VisualStudioVersion = 15.0.28010.2050
MinimumVisualStudioVersion = 10.0.40219.1
Project("{FAE04EC0-301F-11D3-BF4B-00C04F79EFBC}") = "Pioneer.Logs.Samples.AspNetCore", "Pioneer.Logs.Samples.AspNetCore\Pioneer.Logs.Samples.AspNetCore.csproj", "{A07C296D-B7C3-4A16-BFE2-7BAF67824554}"
EndProject
Global
	GlobalSection(SolutionConfigurationPlatforms) = preSolution
		Debug|Any CPU = Debug|Any CPU
		Release|Any CPU = Release|Any CPU
	EndGlobalSection
	GlobalSection(ProjectConfigurationPlatforms) = postSolution
		{A07C296D-B7C3-4A16-BFE2-7BAF67824554}.Debug|Any CPU.ActiveCfg = Debug|Any CPU
		{A07C296D-B7C3-4A16-BFE2-7BAF67824554}.Debug|Any CPU.Build.0 = Debug|Any CPU
		{A07C296D-B7C3-4A16-BFE2-7BAF67824554}.Release|Any CPU.ActiveCfg = Release|Any CPU
		{A07C296D-B7C3-4A16-BFE2-7BAF67824554}.Release|Any CPU.Build.0 = Release|Any CPU
	EndGlobalSection
	GlobalSection(SolutionProperties) = preSolution
		HideSolutionNode = FALSE
	EndGlobalSection
	GlobalSection(ExtensibilityGlobals) = postSolution
		SolutionGuid = {D1E6A1C4-8DC5-4C6D-A9DB-8469D24FA088}
	EndGlobalSection
EndGlobal
