
Microsoft Visual Studio Solution File, Format Version 12.00
# Visual Studio Version 16
VisualStudioVersion = 16.0.29905.134
MinimumVisualStudioVersion = 10.0.40219.1
Project("{9A19103F-16F7-4668-BE54-9A1E7A4F7556}") = "Pioneer.Logs", "Pioneer.Logs\Pioneer.Logs.csproj", "{C2970AC3-415C-43D9-9489-591095AB2813}"
EndProject
Project("{2150E333-8FDC-42A3-9474-1A3956D46DE8}") = "Samples", "Samples", "{A224A00E-5F2D-49BC-B371-DA64221064D2}"
EndProject
Project("{9A19103F-16F7-4668-BE54-9A1E7A4F7556}") = "Pioneer.Logs.Samples.NetCoreConsoleApp", "..\samples\Pioneer.Logs.Samples.NetCoreConsoleApp\Pioneer.Logs.Samples.NetCoreConsoleApp.csproj", "{3185DC26-2748-4EEF-ADE8-EAFFA408942B}"
EndProject
Project("{9A19103F-16F7-4668-BE54-9A1E7A4F7556}") = "PIoneer.Logs.Samples.AspNetCore.31", "..\samples\PIoneer.Logs.Samples.AspNetCore.31\PIoneer.Logs.Samples.AspNetCore.31.csproj", "{FDA3C149-3164-4179-B622-5AC8C55BF069}"
EndProject
Project("{9A19103F-16F7-4668-BE54-9A1E7A4F7556}") = "Pioneer.Logs.Samples.AspNetCore", "..\samples\Pioneer.Logs.Samples.AspNetCore\Pioneer.Logs.Samples.AspNetCore.csproj", "{B54F4818-1C1A-43F8-B81B-CBAB6897F38E}"
EndProject
Global
	GlobalSection(SolutionConfigurationPlatforms) = preSolution
		Debug|Any CPU = Debug|Any CPU
		Release|Any CPU = Release|Any CPU
	EndGlobalSection
	GlobalSection(ProjectConfigurationPlatforms) = postSolution
		{C2970AC3-415C-43D9-9489-591095AB2813}.Debug|Any CPU.ActiveCfg = Debug|Any CPU
		{C2970AC3-415C-43D9-9489-591095AB2813}.Debug|Any CPU.Build.0 = Debug|Any CPU
		{C2970AC3-415C-43D9-9489-591095AB2813}.Release|Any CPU.ActiveCfg = Release|Any CPU
		{C2970AC3-415C-43D9-9489-591095AB2813}.Release|Any CPU.Build.0 = Release|Any CPU
		{3185DC26-2748-4EEF-ADE8-EAFFA408942B}.Debug|Any CPU.ActiveCfg = Debug|Any CPU
		{3185DC26-2748-4EEF-ADE8-EAFFA408942B}.Debug|Any CPU.Build.0 = Debug|Any CPU
		{3185DC26-2748-4EEF-ADE8-EAFFA408942B}.Release|Any CPU.ActiveCfg = Release|Any CPU
		{3185DC26-2748-4EEF-ADE8-EAFFA408942B}.Release|Any CPU.Build.0 = Release|Any CPU
		{FDA3C149-3164-4179-B622-5AC8C55BF069}.Debug|Any CPU.ActiveCfg = Debug|Any CPU
		{FDA3C149-3164-4179-B622-5AC8C55BF069}.Debug|Any CPU.Build.0 = Debug|Any CPU
		{FDA3C149-3164-4179-B622-5AC8C55BF069}.Release|Any CPU.ActiveCfg = Release|Any CPU
		{FDA3C149-3164-4179-B622-5AC8C55BF069}.Release|Any CPU.Build.0 = Release|Any CPU
		{B54F4818-1C1A-43F8-B81B-CBAB6897F38E}.Debug|Any CPU.ActiveCfg = Debug|Any CPU
		{B54F4818-1C1A-43F8-B81B-CBAB6897F38E}.Release|Any CPU.ActiveCfg = Release|Any CPU
	EndGlobalSection
	GlobalSection(SolutionProperties) = preSolution
		HideSolutionNode = FALSE
	EndGlobalSection
	GlobalSection(NestedProjects) = preSolution
		{3185DC26-2748-4EEF-ADE8-EAFFA408942B} = {A224A00E-5F2D-49BC-B371-DA64221064D2}
		{FDA3C149-3164-4179-B622-5AC8C55BF069} = {A224A00E-5F2D-49BC-B371-DA64221064D2}
		{B54F4818-1C1A-43F8-B81B-CBAB6897F38E} = {A224A00E-5F2D-49BC-B371-DA64221064D2}
	EndGlobalSection
	GlobalSection(ExtensibilityGlobals) = postSolution
		SolutionGuid = {BF0A2682-E42C-4235-BBE3-F8BE56D00DDF}
	EndGlobalSection
EndGlobal
